
Microsoft Visual Studio Solution File, Format Version 12.00
# Visual Studio Version 17
VisualStudioVersion = 17.7.34202.233
MinimumVisualStudioVersion = 10.0.40219.1
Project("{9A19103F-16F7-4668-BE54-9A1E7A4F7556}") = "functionsc#", "functionsc#\functionsc#.csproj", "{A0F3FB08-E66A-4FC1-A520-9B3706D28B14}"
EndProject
Project("{FAE04EC0-301F-11D3-BF4B-00C04F79EFBC}") = "function", "function\function.csproj", "{9074AFB1-E696-4926-AA3C-087A80E2BBB5}"
EndProject
Global
	GlobalSection(SolutionConfigurationPlatforms) = preSolution
		Debug|Any CPU = Debug|Any CPU
		Release|Any CPU = Release|Any CPU
	EndGlobalSection
	GlobalSection(ProjectConfigurationPlatforms) = postSolution
		{A0F3FB08-E66A-4FC1-A520-9B3706D28B14}.Debug|Any CPU.ActiveCfg = Debug|Any CPU
		{A0F3FB08-E66A-4FC1-A520-9B3706D28B14}.Debug|Any CPU.Build.0 = Debug|Any CPU
		{A0F3FB08-E66A-4FC1-A520-9B3706D28B14}.Release|Any CPU.ActiveCfg = Release|Any CPU
		{A0F3FB08-E66A-4FC1-A520-9B3706D28B14}.Release|Any CPU.Build.0 = Release|Any CPU
		{9074AFB1-E696-4926-AA3C-087A80E2BBB5}.Debug|Any CPU.ActiveCfg = Debug|Any CPU
		{9074AFB1-E696-4926-AA3C-087A80E2BBB5}.Debug|Any CPU.Build.0 = Debug|Any CPU
		{9074AFB1-E696-4926-AA3C-087A80E2BBB5}.Release|Any CPU.ActiveCfg = Release|Any CPU
		{9074AFB1-E696-4926-AA3C-087A80E2BBB5}.Release|Any CPU.Build.0 = Release|Any CPU
	EndGlobalSection
	GlobalSection(SolutionProperties) = preSolution
		HideSolutionNode = FALSE
	EndGlobalSection
	GlobalSection(ExtensibilityGlobals) = postSolution
		SolutionGuid = {F254FF12-A6EF-44ED-87FC-288BC03401F5}
	EndGlobalSection
EndGlobal
